Microsoft Visual Studio Solution File, Format Version 12.00
# Visual Studio Version 17
VisualStudioVersion = 17.14.36518.9
MinimumVisualStudioVersion = 10.0.40219.1
Project("{FAE04EC0-301F-11D3-BF4B-00C04F79EFBC}") = "AIM", "AIM.csproj", "{4D4877E1-9EE6-48A1-9CC8-DDBB06D18AA5}"
EndProject
Global
	GlobalSection(SolutionConfigurationPlatforms) = preSolution
		Debug|Any CPU = Debug|Any CPU
		Release|Any CPU = Release|Any CPU
	EndGlobalSection
	GlobalSection(ProjectConfigurationPlatforms) = postSolution
		{4D4877E1-9EE6-48A1-9CC8-DDBB06D18AA5}.Debug|Any CPU.ActiveCfg = Debug|Any CPU
		{4D4877E1-9EE6-48A1-9CC8-DDBB06D18AA5}.Debug|Any CPU.Build.0 = Debug|Any CPU
		{4D4877E1-9EE6-48A1-9CC8-DDBB06D18AA5}.Release|Any CPU.ActiveCfg = Release|Any CPU
		{4D4877E1-9EE6-48A1-9CC8-DDBB06D18AA5}.Release|Any CPU.Build.0 = Release|Any CPU
	EndGlobalSection
	GlobalSection(SolutionProperties) = preSolution
		HideSolutionNode = FALSE
	EndGlobalSection
	GlobalSection(ExtensibilityGlobals) = postSolution
		SolutionGuid = {B9D10FC9-94E7-430F-8FAE-EEF472B8D374}
	EndGlobalSection
EndGlobal
